// !$*UTF8*$!
{
	archiveVersion = 1;
	classes = {
	};
	objectVersion = 50;
	objects = {

/* Begin PBXBuildFile section */
		0D7B090DEBF258876E3BA702 /* Pods_iXFormsTests.framework in Frameworks */ = {isa = PBXBuildFile; fileRef = 0800E85E872321E1AF4C41FE /* Pods_iXFormsTests.framework */; };
		12061EB122F662A9008D7BAB /* icons8-document-33@3x.png in Resources */ = {isa = PBXBuildFile; fileRef = 12061EB022F662A9008D7BAB /* icons8-document-33@3x.png */; };
		12061EB322F662FA008D7BAB /* icons8-barcode-33@3x.png in Resources */ = {isa = PBXBuildFile; fileRef = 12061EB222F662F9008D7BAB /* icons8-barcode-33@3x.png */; };
		12061EB522F663B4008D7BAB /* icons8-compass-33@3x.png in Resources */ = {isa = PBXBuildFile; fileRef = 12061EB422F663B3008D7BAB /* icons8-compass-33@3x.png */; };
		122417B822A33220007E3D0C /* GSBSettingsViewController.swift in Sources */ = {isa = PBXBuildFile; fileRef = 122417B722A33220007E3D0C /* GSBSettingsViewController.swift */; };
		122BF2E222AE5F9800F81546 /* icons8-cloud-cross-filled-30@3x.png in Resources */ = {isa = PBXBuildFile; fileRef = 122BF2E122AE5F9800F81546 /* icons8-cloud-cross-filled-30@3x.png */; };
		122BF2E422AE5FB100F81546 /* icons8-cancel-filled-30@3x.png in Resources */ = {isa = PBXBuildFile; fileRef = 122BF2E322AE5FB100F81546 /* icons8-cancel-filled-30@3x.png */; };
		122BF2E622AE5FF800F81546 /* icons8-check-mark-symbol-filled-30@3x.png in Resources */ = {isa = PBXBuildFile; fileRef = 122BF2E522AE5FF800F81546 /* icons8-check-mark-symbol-filled-30@3x.png */; };
		122BF2E822AE600A00F81546 /* icons8-cloud-checked-filled-30@3x.png in Resources */ = {isa = PBXBuildFile; fileRef = 122BF2E722AE600A00F81546 /* icons8-cloud-checked-filled-30@3x.png */; };
		122BF2EC22B4B42400F81546 /* icons8-help-33@3x.png in Resources */ = {isa = PBXBuildFile; fileRef = 122BF2EB22B4B42400F81546 /* icons8-help-33@3x.png */; };
		122BF2F022B61B9A00F81546 /* icons8-download-from-cloud-filled-30@3x.png in Resources */ = {isa = PBXBuildFile; fileRef = 122BF2EF22B61B9A00F81546 /* icons8-download-from-cloud-filled-30@3x.png */; };
		122BF2F422B62B7E00F81546 /* GSBFormViewController.swift in Sources */ = {isa = PBXBuildFile; fileRef = 122BF2F322B62B7E00F81546 /* GSBFormViewController.swift */; };
		122BF2F622B6407000F81546 /* icons8-smartphone-tablet-30@3x.png in Resources */ = {isa = PBXBuildFile; fileRef = 122BF2F522B6407000F81546 /* icons8-smartphone-tablet-30@3x.png */; };
		122BF2F822B7484A00F81546 /* icons8-paste-filled-33@3x.png in Resources */ = {isa = PBXBuildFile; fileRef = 122BF2F722B7484A00F81546 /* icons8-paste-filled-33@3x.png */; };
		122BF2FA22B7487E00F81546 /* icons8-documents-filled-33@3x.png in Resources */ = {isa = PBXBuildFile; fileRef = 122BF2F922B7487E00F81546 /* icons8-documents-filled-33@3x.png */; };
		122BF2FC22B748AA00F81546 /* icons8-settings-filled-33@3x.png in Resources */ = {isa = PBXBuildFile; fileRef = 122BF2FB22B748AA00F81546 /* icons8-settings-filled-33@3x.png */; };
		122BF2FE22B748D700F81546 /* icons8-help-filled-33@3x.png in Resources */ = {isa = PBXBuildFile; fileRef = 122BF2FD22B748D700F81546 /* icons8-help-filled-33@3x.png */; };
		122BF30222B8342600F81546 /* icons8-box-important-filled-30@3x.png in Resources */ = {isa = PBXBuildFile; fileRef = 122BF30122B8342600F81546 /* icons8-box-important-filled-30@3x.png */; };
		122BF30422B8348D00F81546 /* icons8-download-30@3x.png in Resources */ = {isa = PBXBuildFile; fileRef = 122BF30322B8348C00F81546 /* icons8-download-30@3x.png */; };
		122BF30622B834BC00F81546 /* icons8-upload-30@3x.png in Resources */ = {isa = PBXBuildFile; fileRef = 122BF30522B834BC00F81546 /* icons8-upload-30@3x.png */; };
		122BF30822B8357900F81546 /* icons8-smartphone-tablet-filled-90.png in Resources */ = {isa = PBXBuildFile; fileRef = 122BF30722B8357900F81546 /* icons8-smartphone-tablet-filled-90.png */; };
		1259838722053CE700F41566 /* GSBListTableViewController.swift in Sources */ = {isa = PBXBuildFile; fileRef = 1259838622053CE700F41566 /* GSBListTableViewController.swift */; };
		125983892211312900F41566 /* GSBFormTableViewCell.swift in Sources */ = {isa = PBXBuildFile; fileRef = 125983882211312900F41566 /* GSBFormTableViewCell.swift */; };
		1259838D2211435500F41566 /* icons8-paste-33@3x.png in Resources */ = {isa = PBXBuildFile; fileRef = 1259838C2211435500F41566 /* icons8-paste-33@3x.png */; };
		1259838F2211444600F41566 /* icons8-documents-33@3x.png in Resources */ = {isa = PBXBuildFile; fileRef = 1259838E2211444600F41566 /* icons8-documents-33@3x.png */; };
		125983912211489B00F41566 /* icons8-settings-33@3x.png in Resources */ = {isa = PBXBuildFile; fileRef = 125983902211489B00F41566 /* icons8-settings-33@3x.png */; };
		127919EB22E5AB3400EB8A80 /* icons8-camera-33@3x.png in Resources */ = {isa = PBXBuildFile; fileRef = 127919EA22E5AB3400EB8A80 /* icons8-camera-33@3x.png */; };
		127919EF22E5B02E00EB8A80 /* icons8-video-call-33@3x.png in Resources */ = {isa = PBXBuildFile; fileRef = 127919EE22E5B02E00EB8A80 /* icons8-video-call-33@3x.png */; };
		127919F122E5B0BB00EB8A80 /* icons8-voice-33@3x.png in Resources */ = {isa = PBXBuildFile; fileRef = 127919F022E5B0BB00EB8A80 /* icons8-voice-33@3x.png */; };
		12B45D0C21FD1B0A00F3064F /* AppDelegate.swift in Sources */ = {isa = PBXBuildFile; fileRef = 12B45D0B21FD1B0A00F3064F /* AppDelegate.swift */; };
		12B45D1021FD1B0A00F3064F /* SecondViewController.swift in Sources */ = {isa = PBXBuildFile; fileRef = 12B45D0F21FD1B0A00F3064F /* SecondViewController.swift */; };
		12B45D1321FD1B0A00F3064F /* Main.storyboard in Resources */ = {isa = PBXBuildFile; fileRef = 12B45D1121FD1B0A00F3064F /* Main.storyboard */; };
		12B45D1521FD1B0D00F3064F /* Assets.xcassets in Resources */ = {isa = PBXBuildFile; fileRef = 12B45D1421FD1B0D00F3064F /* Assets.xcassets */; };
		12B45D1821FD1B0D00F3064F /* LaunchScreen.storyboard in Resources */ = {isa = PBXBuildFile; fileRef = 12B45D1621FD1B0D00F3064F /* LaunchScreen.storyboard */; };
		12B45D2321FD1B0D00F3064F /* iXFormsTests.swift in Sources */ = {isa = PBXBuildFile; fileRef = 12B45D2221FD1B0D00F3064F /* iXFormsTests.swift */; };
		12B45D2E21FD1B0D00F3064F /* iXFormsUITests.swift in Sources */ = {isa = PBXBuildFile; fileRef = 12B45D2D21FD1B0D00F3064F /* iXFormsUITests.swift */; };
		12BB609222AB2E39005220CE /* GSBServer.swift in Sources */ = {isa = PBXBuildFile; fileRef = 12BB609122AB2E39005220CE /* GSBServer.swift */; };
		12D4517422BC5FB3007F1760 /* GSBFormListViewController.swift in Sources */ = {isa = PBXBuildFile; fileRef = 12D4517322BC5FB3007F1760 /* GSBFormListViewController.swift */; };
		12E2363B22BCD10100180F3F /* GSBSpinner.swift in Sources */ = {isa = PBXBuildFile; fileRef = 12E2363A22BCD10100180F3F /* GSBSpinner.swift */; };
		12E2363D22BCE05C00180F3F /* UIFont+.swift in Sources */ = {isa = PBXBuildFile; fileRef = 12E2363C22BCE05C00180F3F /* UIFont+.swift */; };
		12E2363F22BCE0AD00180F3F /* UIColor+.swift in Sources */ = {isa = PBXBuildFile; fileRef = 12E2363E22BCE0AD00180F3F /* UIColor+.swift */; };
		12E2364322BDEE5400180F3F /* GSBProjectListViewController.swift in Sources */ = {isa = PBXBuildFile; fileRef = 12E2364222BDEE5400180F3F /* GSBProjectListViewController.swift */; };
		12E2364622BE136400180F3F /* GSBProjectTableViewCell.swift in Sources */ = {isa = PBXBuildFile; fileRef = 12E2364522BE136400180F3F /* GSBProjectTableViewCell.swift */; };
		12E2364B22C5A7B600180F3F /* GSBXFormParser.swift in Sources */ = {isa = PBXBuildFile; fileRef = 12E2364A22C5A7B600180F3F /* GSBXFormParser.swift */; };
		12E2365022C9868E00180F3F /* RealmDB.swift in Sources */ = {isa = PBXBuildFile; fileRef = 12E2364F22C9868E00180F3F /* RealmDB.swift */; };
		12E2365322CC99FA00180F3F /* GSBXFormController.swift in Sources */ = {isa = PBXBuildFile; fileRef = 12E2365222CC99FA00180F3F /* GSBXFormController.swift */; };
		12E2365822CCB1EA00180F3F /* CustomCells.swift in Sources */ = {isa = PBXBuildFile; fileRef = 12E2365722CCB1EA00180F3F /* CustomCells.swift */; };
		12E2365C22CCB2E400180F3F /* FloatLabelTextField.swift in Sources */ = {isa = PBXBuildFile; fileRef = 12E2365B22CCB2E400180F3F /* FloatLabelTextField.swift */; };
		12E2365F22CCB6E000180F3F /* ImageRow.swift in Sources */ = {isa = PBXBuildFile; fileRef = 12E2365E22CCB6E000180F3F /* ImageRow.swift */; };
		12E2366122CCB6E400180F3F /* ImagePickerController.swift in Sources */ = {isa = PBXBuildFile; fileRef = 12E2366022CCB6E400180F3F /* ImagePickerController.swift */; };
		12E2366322D022CF00180F3F /* GSBRESTServer.swift in Sources */ = {isa = PBXBuildFile; fileRef = 12E2366222D022CF00180F3F /* GSBRESTServer.swift */; };
		12E2366522D02AEB00180F3F /* GSBOpenRosaServer.swift in Sources */ = {isa = PBXBuildFile; fileRef = 12E2366422D02AEB00180F3F /* GSBOpenRosaServer.swift */; };
		45CCABEA3E74800994B161BA /* Pods_iXFormsUITests.framework in Frameworks */ = {isa = PBXBuildFile; fileRef = DBD300BA13BE4065F80625BB /* Pods_iXFormsUITests.framework */; };
		8B8C4C60AE0DCDF935A7A70C /* Pods_iXForms.framework in Frameworks */ = {isa = PBXBuildFile; fileRef = 463842BDD45B16923A9CB75F /* Pods_iXForms.framework */; };
/* End PBXBuildFile section */

/* Begin PBXContainerItemProxy section */
		12B45D1F21FD1B0D00F3064F /* PBXContainerItemProxy */ = {
			isa = PBXContainerItemProxy;
			containerPortal = 12B45D0021FD1B0A00F3064F /* Project object */;
			proxyType = 1;
			remoteGlobalIDString = 12B45D0721FD1B0A00F3064F;
			remoteInfo = iXForms;
		};
		12B45D2A21FD1B0D00F3064F /* PBXContainerItemProxy */ = {
			isa = PBXContainerItemProxy;
			containerPortal = 12B45D0021FD1B0A00F3064F /* Project object */;
			proxyType = 1;
			remoteGlobalIDString = 12B45D0721FD1B0A00F3064F;
			remoteInfo = iXForms;
		};
/* End PBXContainerItemProxy section */

/* Begin PBXFileReference section */
		0800E85E872321E1AF4C41FE /* Pods_iXFormsTests.framework */ = {isa = PBXFileReference; explicitFileType = wrapper.framework; includeInIndex = 0; path = Pods_iXFormsTests.framework; sourceTree = BUILT_PRODUCTS_DIR; };
		12061EB022F662A9008D7BAB /* icons8-document-33@3x.png */ = {isa = PBXFileReference; lastKnownFileType = image.png; path = "icons8-document-33@3x.png"; sourceTree = "<group>"; };
		12061EB222F662F9008D7BAB /* icons8-barcode-33@3x.png */ = {isa = PBXFileReference; lastKnownFileType = image.png; path = "icons8-barcode-33@3x.png"; sourceTree = "<group>"; };
		12061EB422F663B3008D7BAB /* icons8-compass-33@3x.png */ = {isa = PBXFileReference; lastKnownFileType = image.png; path = "icons8-compass-33@3x.png"; sourceTree = "<group>"; };
		122417B722A33220007E3D0C /* GSBSettingsViewController.swift */ = {isa = PBXFileReference; lastKnownFileType = sourcecode.swift; path = GSBSettingsViewController.swift; sourceTree = "<group>"; };
		122BF2E122AE5F9800F81546 /* icons8-cloud-cross-filled-30@3x.png */ = {isa = PBXFileReference; lastKnownFileType = image.png; path = "icons8-cloud-cross-filled-30@3x.png"; sourceTree = "<group>"; };
		122BF2E322AE5FB100F81546 /* icons8-cancel-filled-30@3x.png */ = {isa = PBXFileReference; lastKnownFileType = image.png; path = "icons8-cancel-filled-30@3x.png"; sourceTree = "<group>"; };
		122BF2E522AE5FF800F81546 /* icons8-check-mark-symbol-filled-30@3x.png */ = {isa = PBXFileReference; lastKnownFileType = image.png; path = "icons8-check-mark-symbol-filled-30@3x.png"; sourceTree = "<group>"; };
		122BF2E722AE600A00F81546 /* icons8-cloud-checked-filled-30@3x.png */ = {isa = PBXFileReference; lastKnownFileType = image.png; path = "icons8-cloud-checked-filled-30@3x.png"; sourceTree = "<group>"; };
		122BF2EB22B4B42400F81546 /* icons8-help-33@3x.png */ = {isa = PBXFileReference; lastKnownFileType = image.png; path = "icons8-help-33@3x.png"; sourceTree = "<group>"; };
		122BF2EF22B61B9A00F81546 /* icons8-download-from-cloud-filled-30@3x.png */ = {isa = PBXFileReference; lastKnownFileType = image.png; path = "icons8-download-from-cloud-filled-30@3x.png"; sourceTree = "<group>"; };
		122BF2F322B62B7E00F81546 /* GSBFormViewController.swift */ = {isa = PBXFileReference; fileEncoding = 4; lastKnownFileType = sourcecode.swift; path = GSBFormViewController.swift; sourceTree = "<group>"; };
		122BF2F522B6407000F81546 /* icons8-smartphone-tablet-30@3x.png */ = {isa = PBXFileReference; lastKnownFileType = image.png; path = "icons8-smartphone-tablet-30@3x.png"; sourceTree = "<group>"; };
		122BF2F722B7484A00F81546 /* icons8-paste-filled-33@3x.png */ = {isa = PBXFileReference; lastKnownFileType = image.png; path = "icons8-paste-filled-33@3x.png"; sourceTree = "<group>"; };
		122BF2F922B7487E00F81546 /* icons8-documents-filled-33@3x.png */ = {isa = PBXFileReference; lastKnownFileType = image.png; path = "icons8-documents-filled-33@3x.png"; sourceTree = "<group>"; };
		122BF2FB22B748AA00F81546 /* icons8-settings-filled-33@3x.png */ = {isa = PBXFileReference; lastKnownFileType = image.png; path = "icons8-settings-filled-33@3x.png"; sourceTree = "<group>"; };
		122BF2FD22B748D700F81546 /* icons8-help-filled-33@3x.png */ = {isa = PBXFileReference; lastKnownFileType = image.png; path = "icons8-help-filled-33@3x.png"; sourceTree = "<group>"; };
		122BF30122B8342600F81546 /* icons8-box-important-filled-30@3x.png */ = {isa = PBXFileReference; lastKnownFileType = image.png; path = "icons8-box-important-filled-30@3x.png"; sourceTree = "<group>"; };
		122BF30322B8348C00F81546 /* icons8-download-30@3x.png */ = {isa = PBXFileReference; lastKnownFileType = image.png; path = "icons8-download-30@3x.png"; sourceTree = "<group>"; };
		122BF30522B834BC00F81546 /* icons8-upload-30@3x.png */ = {isa = PBXFileReference; lastKnownFileType = image.png; path = "icons8-upload-30@3x.png"; sourceTree = "<group>"; };
		122BF30722B8357900F81546 /* icons8-smartphone-tablet-filled-90.png */ = {isa = PBXFileReference; lastKnownFileType = image.png; path = "icons8-smartphone-tablet-filled-90.png"; sourceTree = "<group>"; };
		1259838622053CE700F41566 /* GSBListTableViewController.swift */ = {isa = PBXFileReference; lastKnownFileType = sourcecode.swift; path = GSBListTableViewController.swift; sourceTree = "<group>"; };
		125983882211312900F41566 /* GSBFormTableViewCell.swift */ = {isa = PBXFileReference; lastKnownFileType = sourcecode.swift; path = GSBFormTableViewCell.swift; sourceTree = "<group>"; };
		1259838C2211435500F41566 /* icons8-paste-33@3x.png */ = {isa = PBXFileReference; lastKnownFileType = image.png; path = "icons8-paste-33@3x.png"; sourceTree = "<group>"; };
		1259838E2211444600F41566 /* icons8-documents-33@3x.png */ = {isa = PBXFileReference; lastKnownFileType = image.png; path = "icons8-documents-33@3x.png"; sourceTree = "<group>"; };
		125983902211489B00F41566 /* icons8-settings-33@3x.png */ = {isa = PBXFileReference; lastKnownFileType = image.png; path = "icons8-settings-33@3x.png"; sourceTree = "<group>"; };
		127919EA22E5AB3400EB8A80 /* icons8-camera-33@3x.png */ = {isa = PBXFileReference; lastKnownFileType = image.png; path = "icons8-camera-33@3x.png"; sourceTree = "<group>"; };
		127919EE22E5B02E00EB8A80 /* icons8-video-call-33@3x.png */ = {isa = PBXFileReference; lastKnownFileType = image.png; path = "icons8-video-call-33@3x.png"; sourceTree = "<group>"; };
		127919F022E5B0BB00EB8A80 /* icons8-voice-33@3x.png */ = {isa = PBXFileReference; lastKnownFileType = image.png; path = "icons8-voice-33@3x.png"; sourceTree = "<group>"; };
		12B45D0821FD1B0A00F3064F /* iXForms.app */ = {isa = PBXFileReference; explicitFileType = wrapper.application; includeInIndex = 0; path = iXForms.app; sourceTree = BUILT_PRODUCTS_DIR; };
		12B45D0B21FD1B0A00F3064F /* AppDelegate.swift */ = {isa = PBXFileReference; lastKnownFileType = sourcecode.swift; path = AppDelegate.swift; sourceTree = "<group>"; };
		12B45D0F21FD1B0A00F3064F /* SecondViewController.swift */ = {isa = PBXFileReference; lastKnownFileType = sourcecode.swift; path = SecondViewController.swift; sourceTree = "<group>"; };
		12B45D1221FD1B0A00F3064F /* Base */ = {isa = PBXFileReference; lastKnownFileType = file.storyboard; name = Base; path = Base.lproj/Main.storyboard; sourceTree = "<group>"; };
		12B45D1421FD1B0D00F3064F /* Assets.xcassets */ = {isa = PBXFileReference; lastKnownFileType = folder.assetcatalog; path = Assets.xcassets; sourceTree = "<group>"; };
		12B45D1721FD1B0D00F3064F /* Base */ = {isa = PBXFileReference; lastKnownFileType = file.storyboard; name = Base; path = Base.lproj/LaunchScreen.storyboard; sourceTree = "<group>"; };
		12B45D1921FD1B0D00F3064F /* Info.plist */ = {isa = PBXFileReference; lastKnownFileType = text.plist.xml; path = Info.plist; sourceTree = "<group>"; };
		12B45D1E21FD1B0D00F3064F /* iXFormsTests.xctest */ = {isa = PBXFileReference; explicitFileType = wrapper.cfbundle; includeInIndex = 0; path = iXFormsTests.xctest; sourceTree = BUILT_PRODUCTS_DIR; };
		12B45D2221FD1B0D00F3064F /* iXFormsTests.swift */ = {isa = PBXFileReference; lastKnownFileType = sourcecode.swift; path = iXFormsTests.swift; sourceTree = "<group>"; };
		12B45D2421FD1B0D00F3064F /* Info.plist */ = {isa = PBXFileReference; lastKnownFileType = text.plist.xml; path = Info.plist; sourceTree = "<group>"; };
		12B45D2921FD1B0D00F3064F /* iXFormsUITests.xctest */ = {isa = PBXFileReference; explicitFileType = wrapper.cfbundle; includeInIndex = 0; path = iXFormsUITests.xctest; sourceTree = BUILT_PRODUCTS_DIR; };
		12B45D2D21FD1B0D00F3064F /* iXFormsUITests.swift */ = {isa = PBXFileReference; lastKnownFileType = sourcecode.swift; path = iXFormsUITests.swift; sourceTree = "<group>"; };
		12B45D2F21FD1B0D00F3064F /* Info.plist */ = {isa = PBXFileReference; lastKnownFileType = text.plist.xml; path = Info.plist; sourceTree = "<group>"; };
		12BB609122AB2E39005220CE /* GSBServer.swift */ = {isa = PBXFileReference; lastKnownFileType = sourcecode.swift; path = GSBServer.swift; sourceTree = "<group>"; };
		12D4517322BC5FB3007F1760 /* GSBFormListViewController.swift */ = {isa = PBXFileReference; fileEncoding = 4; lastKnownFileType = sourcecode.swift; path = GSBFormListViewController.swift; sourceTree = "<group>"; };
		12E2363A22BCD10100180F3F /* GSBSpinner.swift */ = {isa = PBXFileReference; lastKnownFileType = sourcecode.swift; path = GSBSpinner.swift; sourceTree = "<group>"; };
		12E2363C22BCE05C00180F3F /* UIFont+.swift */ = {isa = PBXFileReference; lastKnownFileType = sourcecode.swift; path = "UIFont+.swift"; sourceTree = "<group>"; };
		12E2363E22BCE0AD00180F3F /* UIColor+.swift */ = {isa = PBXFileReference; lastKnownFileType = sourcecode.swift; path = "UIColor+.swift"; sourceTree = "<group>"; };
		12E2364222BDEE5400180F3F /* GSBProjectListViewController.swift */ = {isa = PBXFileReference; fileEncoding = 4; lastKnownFileType = sourcecode.swift; path = GSBProjectListViewController.swift; sourceTree = "<group>"; };
		12E2364522BE136400180F3F /* GSBProjectTableViewCell.swift */ = {isa = PBXFileReference; fileEncoding = 4; lastKnownFileType = sourcecode.swift; path = GSBProjectTableViewCell.swift; sourceTree = "<group>"; };
		12E2364A22C5A7B600180F3F /* GSBXFormParser.swift */ = {isa = PBXFileReference; lastKnownFileType = sourcecode.swift; path = GSBXFormParser.swift; sourceTree = "<group>"; };
		12E2364F22C9868E00180F3F /* RealmDB.swift */ = {isa = PBXFileReference; lastKnownFileType = sourcecode.swift; path = RealmDB.swift; sourceTree = "<group>"; };
		12E2365222CC99FA00180F3F /* GSBXFormController.swift */ = {isa = PBXFileReference; fileEncoding = 4; lastKnownFileType = sourcecode.swift; path = GSBXFormController.swift; sourceTree = "<group>"; };
		12E2365722CCB1EA00180F3F /* CustomCells.swift */ = {isa = PBXFileReference; fileEncoding = 4; lastKnownFileType = sourcecode.swift; path = CustomCells.swift; sourceTree = "<group>"; };
		12E2365B22CCB2E400180F3F /* FloatLabelTextField.swift */ = {isa = PBXFileReference; fileEncoding = 4; lastKnownFileType = sourcecode.swift; path = FloatLabelTextField.swift; sourceTree = "<group>"; };
		12E2365E22CCB6E000180F3F /* ImageRow.swift */ = {isa = PBXFileReference; fileEncoding = 4; lastKnownFileType = sourcecode.swift; path = ImageRow.swift; sourceTree = "<group>"; };
		12E2366022CCB6E400180F3F /* ImagePickerController.swift */ = {isa = PBXFileReference; fileEncoding = 4; lastKnownFileType = sourcecode.swift; path = ImagePickerController.swift; sourceTree = "<group>"; };
		12E2366222D022CF00180F3F /* GSBRESTServer.swift */ = {isa = PBXFileReference; fileEncoding = 4; lastKnownFileType = sourcecode.swift; path = GSBRESTServer.swift; sourceTree = "<group>"; };
		12E2366422D02AEB00180F3F /* GSBOpenRosaServer.swift */ = {isa = PBXFileReference; fileEncoding = 4; lastKnownFileType = sourcecode.swift; path = GSBOpenRosaServer.swift; sourceTree = "<group>"; };
		2450511BE370DA6059737A55 /* Pods-iXFormsUITests.release.xcconfig */ = {isa = PBXFileReference; includeInIndex = 1; lastKnownFileType = text.xcconfig; name = "Pods-iXFormsUITests.release.xcconfig"; path = "Pods/Target Support Files/Pods-iXFormsUITests/Pods-iXFormsUITests.release.xcconfig"; sourceTree = "<group>"; };
		463842BDD45B16923A9CB75F /* Pods_iXForms.framework */ = {isa = PBXFileReference; explicitFileType = wrapper.framework; includeInIndex = 0; path = Pods_iXForms.framework; sourceTree = BUILT_PRODUCTS_DIR; };
		5252CF089560365CEE4A8A5C /* Pods-iXForms.release.xcconfig */ = {isa = PBXFileReference; includeInIndex = 1; lastKnownFileType = text.xcconfig; name = "Pods-iXForms.release.xcconfig"; path = "Pods/Target Support Files/Pods-iXForms/Pods-iXForms.release.xcconfig"; sourceTree = "<group>"; };
		B91494C28059F906D56BACDC /* Pods-iXFormsTests.release.xcconfig */ = {isa = PBXFileReference; includeInIndex = 1; lastKnownFileType = text.xcconfig; name = "Pods-iXFormsTests.release.xcconfig"; path = "Pods/Target Support Files/Pods-iXFormsTests/Pods-iXFormsTests.release.xcconfig"; sourceTree = "<group>"; };
		BB960962E93FA89B86CBAD35 /* Pods-iXFormsUITests.debug.xcconfig */ = {isa = PBXFileReference; includeInIndex = 1; lastKnownFileType = text.xcconfig; name = "Pods-iXFormsUITests.debug.xcconfig"; path = "Pods/Target Support Files/Pods-iXFormsUITests/Pods-iXFormsUITests.debug.xcconfig"; sourceTree = "<group>"; };
		DBD300BA13BE4065F80625BB /* Pods_iXFormsUITests.framework */ = {isa = PBXFileReference; explicitFileType = wrapper.framework; includeInIndex = 0; path = Pods_iXFormsUITests.framework; sourceTree = BUILT_PRODUCTS_DIR; };
		E1B5E1BC54D324C31D7EFB03 /* Pods-iXForms.debug.xcconfig */ = {isa = PBXFileReference; includeInIndex = 1; lastKnownFileType = text.xcconfig; name = "Pods-iXForms.debug.xcconfig"; path = "Pods/Target Support Files/Pods-iXForms/Pods-iXForms.debug.xcconfig"; sourceTree = "<group>"; };
		E76746D57929CE5108A33A4E /* Pods-iXFormsTests.debug.xcconfig */ = {isa = PBXFileReference; includeInIndex = 1; lastKnownFileType = text.xcconfig; name = "Pods-iXFormsTests.debug.xcconfig"; path = "Pods/Target Support Files/Pods-iXFormsTests/Pods-iXFormsTests.debug.xcconfig"; sourceTree = "<group>"; };
/* End PBXFileReference section */

/* Begin PBXFrameworksBuildPhase section */
		12B45D0521FD1B0A00F3064F /* Frameworks */ = {
			isa = PBXFrameworksBuildPhase;
			buildActionMask = 2147483647;
			files = (
				8B8C4C60AE0DCDF935A7A70C /* Pods_iXForms.framework in Frameworks */,
			);
			runOnlyForDeploymentPostprocessing = 0;
		};
		12B45D1B21FD1B0D00F3064F /* Frameworks */ = {
			isa = PBXFrameworksBuildPhase;
			buildActionMask = 2147483647;
			files = (
				0D7B090DEBF258876E3BA702 /* Pods_iXFormsTests.framework in Frameworks */,
			);
			runOnlyForDeploymentPostprocessing = 0;
		};
		12B45D2621FD1B0D00F3064F /* Frameworks */ = {
			isa = PBXFrameworksBuildPhase;
			buildActionMask = 2147483647;
			files = (
				45CCABEA3E74800994B161BA /* Pods_iXFormsUITests.framework in Frameworks */,
			);
			runOnlyForDeploymentPostprocessing = 0;
		};
/* End PBXFrameworksBuildPhase section */

/* Begin PBXGroup section */
		122BF2F122B61BAB00F81546 /* tabs */ = {
			isa = PBXGroup;
			children = (
				1259838C2211435500F41566 /* icons8-paste-33@3x.png */,
				122BF2F722B7484A00F81546 /* icons8-paste-filled-33@3x.png */,
				1259838E2211444600F41566 /* icons8-documents-33@3x.png */,
				122BF2F922B7487E00F81546 /* icons8-documents-filled-33@3x.png */,
				125983902211489B00F41566 /* icons8-settings-33@3x.png */,
				122BF2FB22B748AA00F81546 /* icons8-settings-filled-33@3x.png */,
				122BF2EB22B4B42400F81546 /* icons8-help-33@3x.png */,
				122BF2FD22B748D700F81546 /* icons8-help-filled-33@3x.png */,
			);
			path = tabs;
			sourceTree = "<group>";
		};
		122BF2F222B61BCE00F81546 /* status */ = {
			isa = PBXGroup;
			children = (
				122BF2E522AE5FF800F81546 /* icons8-check-mark-symbol-filled-30@3x.png */,
				122BF2E322AE5FB100F81546 /* icons8-cancel-filled-30@3x.png */,
				122BF30122B8342600F81546 /* icons8-box-important-filled-30@3x.png */,
				122BF2E722AE600A00F81546 /* icons8-cloud-checked-filled-30@3x.png */,
				122BF2E122AE5F9800F81546 /* icons8-cloud-cross-filled-30@3x.png */,
				122BF2EF22B61B9A00F81546 /* icons8-download-from-cloud-filled-30@3x.png */,
			);
			path = status;
			sourceTree = "<group>";
		};
		12598394221148EE00F41566 /* Icons */ = {
			isa = PBXGroup;
			children = (
				122BF2F522B6407000F81546 /* icons8-smartphone-tablet-30@3x.png */,
				122BF30722B8357900F81546 /* icons8-smartphone-tablet-filled-90.png */,
				122BF30322B8348C00F81546 /* icons8-download-30@3x.png */,
				122BF30522B834BC00F81546 /* icons8-upload-30@3x.png */,
				127919EA22E5AB3400EB8A80 /* icons8-camera-33@3x.png */,
				127919EE22E5B02E00EB8A80 /* icons8-video-call-33@3x.png */,
				12061EB022F662A9008D7BAB /* icons8-document-33@3x.png */,
				127919F022E5B0BB00EB8A80 /* icons8-voice-33@3x.png */,
				12061EB222F662F9008D7BAB /* icons8-barcode-33@3x.png */,
				12061EB422F663B3008D7BAB /* icons8-compass-33@3x.png */,
				122BF2F122B61BAB00F81546 /* tabs */,
				122BF2F222B61BCE00F81546 /* status */,
			);
			path = Icons;
			sourceTree = "<group>";
		};
		12B45CFF21FD1B0A00F3064F = {
			isa = PBXGroup;
			children = (
				12B45D0A21FD1B0A00F3064F /* iXForms */,
				12B45D2121FD1B0D00F3064F /* iXFormsTests */,
				12B45D2C21FD1B0D00F3064F /* iXFormsUITests */,
				12B45D0921FD1B0A00F3064F /* Products */,
				9B547D349FE5ED2B701B0597 /* Pods */,
				AC526B856AB3DBA2E9AD48B4 /* Frameworks */,
			);
			sourceTree = "<group>";
		};
		12B45D0921FD1B0A00F3064F /* Products */ = {
			isa = PBXGroup;
			children = (
				12B45D0821FD1B0A00F3064F /* iXForms.app */,
				12B45D1E21FD1B0D00F3064F /* iXFormsTests.xctest */,
				12B45D2921FD1B0D00F3064F /* iXFormsUITests.xctest */,
			);
			name = Products;
			sourceTree = "<group>";
		};
		12B45D0A21FD1B0A00F3064F /* iXForms */ = {
			isa = PBXGroup;
			children = (
				12E2365222CC99FA00180F3F /* GSBXFormController.swift */,
				12B45D0B21FD1B0A00F3064F /* AppDelegate.swift */,
				12BB609122AB2E39005220CE /* GSBServer.swift */,
				12E2366422D02AEB00180F3F /* GSBOpenRosaServer.swift */,
				12E2366222D022CF00180F3F /* GSBRESTServer.swift */,
				12E2365122C996BB00180F3F /* Database */,
				12E2364C22C831F600180F3F /* Parser */,
				12E2364422BDEE5B00180F3F /* Groups */,
				12D4517522BC6585007F1760 /* Forms */,
				12D4517622BC6590007F1760 /* Submissions */,
				12D4517722BC65A6007F1760 /* Settings */,
				12E2364122BCE29500180F3F /* Utilities */,
				12B45D1121FD1B0A00F3064F /* Main.storyboard */,
				12B45D1421FD1B0D00F3064F /* Assets.xcassets */,
				12B45D1621FD1B0D00F3064F /* LaunchScreen.storyboard */,
				12B45D1921FD1B0D00F3064F /* Info.plist */,
				12598394221148EE00F41566 /* Icons */,
			);
			path = iXForms;
			sourceTree = "<group>";
		};
		12B45D2121FD1B0D00F3064F /* iXFormsTests */ = {
			isa = PBXGroup;
			children = (
				12B45D2221FD1B0D00F3064F /* iXFormsTests.swift */,
				12B45D2421FD1B0D00F3064F /* Info.plist */,
			);
			path = iXFormsTests;
			sourceTree = "<group>";
		};
		12B45D2C21FD1B0D00F3064F /* iXFormsUITests */ = {
			isa = PBXGroup;
			children = (
				12B45D2D21FD1B0D00F3064F /* iXFormsUITests.swift */,
				12B45D2F21FD1B0D00F3064F /* Info.plist */,
			);
			path = iXFormsUITests;
			sourceTree = "<group>";
		};
		12D4517522BC6585007F1760 /* Forms */ = {
			isa = PBXGroup;
			children = (
				12D4517322BC5FB3007F1760 /* GSBFormListViewController.swift */,
				125983882211312900F41566 /* GSBFormTableViewCell.swift */,
				122BF2F322B62B7E00F81546 /* GSBFormViewController.swift */,
			);
			path = Forms;
			sourceTree = "<group>";
		};
		12D4517622BC6590007F1760 /* Submissions */ = {
			isa = PBXGroup;
			children = (
				12B45D0F21FD1B0A00F3064F /* SecondViewController.swift */,
			);
			path = Submissions;
			sourceTree = "<group>";
		};
		12D4517722BC65A6007F1760 /* Settings */ = {
			isa = PBXGroup;
			children = (
				122417B722A33220007E3D0C /* GSBSettingsViewController.swift */,
			);
			path = Settings;
			sourceTree = "<group>";
		};
		12E2364022BCE26100180F3F /* Extensions */ = {
			isa = PBXGroup;
			children = (
				12E2363E22BCE0AD00180F3F /* UIColor+.swift */,
				12E2363C22BCE05C00180F3F /* UIFont+.swift */,
			);
			path = Extensions;
			sourceTree = "<group>";
		};
		12E2364122BCE29500180F3F /* Utilities */ = {
			isa = PBXGroup;
			children = (
				12E2363A22BCD10100180F3F /* GSBSpinner.swift */,
				1259838622053CE700F41566 /* GSBListTableViewController.swift */,
				12E2365422CCAD6E00180F3F /* Eureka */,
				12E2364022BCE26100180F3F /* Extensions */,
			);
			path = Utilities;
			sourceTree = "<group>";
		};
		12E2364422BDEE5B00180F3F /* Groups */ = {
			isa = PBXGroup;
			children = (
				12E2364222BDEE5400180F3F /* GSBProjectListViewController.swift */,
				12E2364522BE136400180F3F /* GSBProjectTableViewCell.swift */,
			);
			path = Groups;
			sourceTree = "<group>";
		};
		12E2364C22C831F600180F3F /* Parser */ = {
			isa = PBXGroup;
			children = (
				12E2364A22C5A7B600180F3F /* GSBXFormParser.swift */,
			);
			path = Parser;
			sourceTree = "<group>";
		};
		12E2365122C996BB00180F3F /* Database */ = {
			isa = PBXGroup;
			children = (
				12E2364F22C9868E00180F3F /* RealmDB.swift */,
			);
			path = Database;
			sourceTree = "<group>";
		};
		12E2365422CCAD6E00180F3F /* Eureka */ = {
			isa = PBXGroup;
			children = (
				12E2365D22CCB6D600180F3F /* ImageRow */,
				12E2365B22CCB2E400180F3F /* FloatLabelTextField.swift */,
				12E2365722CCB1EA00180F3F /* CustomCells.swift */,
			);
			path = Eureka;
			sourceTree = "<group>";
		};
		12E2365D22CCB6D600180F3F /* ImageRow */ = {
			isa = PBXGroup;
			children = (
				12E2365E22CCB6E000180F3F /* ImageRow.swift */,
				12E2366022CCB6E400180F3F /* ImagePickerController.swift */,
			);
			path = ImageRow;
			sourceTree = "<group>";
		};
		9B547D349FE5ED2B701B0597 /* Pods */ = {
			isa = PBXGroup;
			children = (
				E1B5E1BC54D324C31D7EFB03 /* Pods-iXForms.debug.xcconfig */,
				5252CF089560365CEE4A8A5C /* Pods-iXForms.release.xcconfig */,
				E76746D57929CE5108A33A4E /* Pods-iXFormsTests.debug.xcconfig */,
				B91494C28059F906D56BACDC /* Pods-iXFormsTests.release.xcconfig */,
				BB960962E93FA89B86CBAD35 /* Pods-iXFormsUITests.debug.xcconfig */,
				2450511BE370DA6059737A55 /* Pods-iXFormsUITests.release.xcconfig */,
			);
			name = Pods;
			sourceTree = "<group>";
		};
		AC526B856AB3DBA2E9AD48B4 /* Frameworks */ = {
			isa = PBXGroup;
			children = (
				463842BDD45B16923A9CB75F /* Pods_iXForms.framework */,
				0800E85E872321E1AF4C41FE /* Pods_iXFormsTests.framework */,
				DBD300BA13BE4065F80625BB /* Pods_iXFormsUITests.framework */,
			);
			name = Frameworks;
			sourceTree = "<group>";
		};
/* End PBXGroup section */

/* Begin PBXNativeTarget section */
		12B45D0721FD1B0A00F3064F /* iXForms */ = {
			isa = PBXNativeTarget;
			buildConfigurationList = 12B45D3221FD1B0D00F3064F /* Build configuration list for PBXNativeTarget "iXForms" */;
			buildPhases = (
				F5EF0AA3A8B7F07948CA47C0 /* [CP] Check Pods Manifest.lock */,
				12B45D0421FD1B0A00F3064F /* Sources */,
				12B45D0521FD1B0A00F3064F /* Frameworks */,
				12B45D0621FD1B0A00F3064F /* Resources */,
				CF0FFA78FDE726BE246A96CD /* [CP] Embed Pods Frameworks */,
			);
			buildRules = (
			);
			dependencies = (
			);
			name = iXForms;
			productName = iXForms;
			productReference = 12B45D0821FD1B0A00F3064F /* iXForms.app */;
			productType = "com.apple.product-type.application";
		};
		12B45D1D21FD1B0D00F3064F /* iXFormsTests */ = {
			isa = PBXNativeTarget;
			buildConfigurationList = 12B45D3521FD1B0D00F3064F /* Build configuration list for PBXNativeTarget "iXFormsTests" */;
			buildPhases = (
				E9C8A78CD370882346694689 /* [CP] Check Pods Manifest.lock */,
				12B45D1A21FD1B0D00F3064F /* Sources */,
				12B45D1B21FD1B0D00F3064F /* Frameworks */,
				12B45D1C21FD1B0D00F3064F /* Resources */,
			);
			buildRules = (
			);
			dependencies = (
				12B45D2021FD1B0D00F3064F /* PBXTargetDependency */,
			);
			name = iXFormsTests;
			productName = iXFormsTests;
			productReference = 12B45D1E21FD1B0D00F3064F /* iXFormsTests.xctest */;
			productType = "com.apple.product-type.bundle.unit-test";
		};
		12B45D2821FD1B0D00F3064F /* iXFormsUITests */ = {
			isa = PBXNativeTarget;
			buildConfigurationList = 12B45D3821FD1B0D00F3064F /* Build configuration list for PBXNativeTarget "iXFormsUITests" */;
			buildPhases = (
				E048C7BF1B7744FAF212909B /* [CP] Check Pods Manifest.lock */,
				12B45D2521FD1B0D00F3064F /* Sources */,
				12B45D2621FD1B0D00F3064F /* Frameworks */,
				12B45D2721FD1B0D00F3064F /* Resources */,
			);
			buildRules = (
			);
			dependencies = (
				12B45D2B21FD1B0D00F3064F /* PBXTargetDependency */,
			);
			name = iXFormsUITests;
			productName = iXFormsUITests;
			productReference = 12B45D2921FD1B0D00F3064F /* iXFormsUITests.xctest */;
			productType = "com.apple.product-type.bundle.ui-testing";
		};
/* End PBXNativeTarget section */

/* Begin PBXProject section */
		12B45D0021FD1B0A00F3064F /* Project object */ = {
			isa = PBXProject;
			attributes = {
				LastSwiftUpdateCheck = 1010;
				LastUpgradeCheck = 1010;
				ORGANIZATIONNAME = Xiphware;
				TargetAttributes = {
					12B45D0721FD1B0A00F3064F = {
						CreatedOnToolsVersion = 10.1;
					};
					12B45D1D21FD1B0D00F3064F = {
						CreatedOnToolsVersion = 10.1;
						TestTargetID = 12B45D0721FD1B0A00F3064F;
					};
					12B45D2821FD1B0D00F3064F = {
						CreatedOnToolsVersion = 10.1;
						TestTargetID = 12B45D0721FD1B0A00F3064F;
					};
				};
			};
			buildConfigurationList = 12B45D0321FD1B0A00F3064F /* Build configuration list for PBXProject "iXForms" */;
			compatibilityVersion = "Xcode 9.3";
			developmentRegion = en;
			hasScannedForEncodings = 0;
			knownRegions = (
				en,
				Base,
			);
			mainGroup = 12B45CFF21FD1B0A00F3064F;
			productRefGroup = 12B45D0921FD1B0A00F3064F /* Products */;
			projectDirPath = "";
			projectRoot = "";
			targets = (
				12B45D0721FD1B0A00F3064F /* iXForms */,
				12B45D1D21FD1B0D00F3064F /* iXFormsTests */,
				12B45D2821FD1B0D00F3064F /* iXFormsUITests */,
			);
		};
/* End PBXProject section */

/* Begin PBXResourcesBuildPhase section */
		12B45D0621FD1B0A00F3064F /* Resources */ = {
			isa = PBXResourcesBuildPhase;
			buildActionMask = 2147483647;
			files = (
				122BF2F022B61B9A00F81546 /* icons8-download-from-cloud-filled-30@3x.png in Resources */,
				122BF2E422AE5FB100F81546 /* icons8-cancel-filled-30@3x.png in Resources */,
				122BF2F622B6407000F81546 /* icons8-smartphone-tablet-30@3x.png in Resources */,
				122BF30622B834BC00F81546 /* icons8-upload-30@3x.png in Resources */,
				12061EB122F662A9008D7BAB /* icons8-document-33@3x.png in Resources */,
				122BF2E622AE5FF800F81546 /* icons8-check-mark-symbol-filled-30@3x.png in Resources */,
				122BF30822B8357900F81546 /* icons8-smartphone-tablet-filled-90.png in Resources */,
				12061EB522F663B4008D7BAB /* icons8-compass-33@3x.png in Resources */,
				12B45D1821FD1B0D00F3064F /* LaunchScreen.storyboard in Resources */,
				12B45D1521FD1B0D00F3064F /* Assets.xcassets in Resources */,
				122BF2FA22B7487E00F81546 /* icons8-documents-filled-33@3x.png in Resources */,
				122BF2FE22B748D700F81546 /* icons8-help-filled-33@3x.png in Resources */,
				122BF2E222AE5F9800F81546 /* icons8-cloud-cross-filled-30@3x.png in Resources */,
				122BF30222B8342600F81546 /* icons8-box-important-filled-30@3x.png in Resources */,
				125983912211489B00F41566 /* icons8-settings-33@3x.png in Resources */,
				12061EB322F662FA008D7BAB /* icons8-barcode-33@3x.png in Resources */,
				1259838F2211444600F41566 /* icons8-documents-33@3x.png in Resources */,
				127919F122E5B0BB00EB8A80 /* icons8-voice-33@3x.png in Resources */,
				127919EB22E5AB3400EB8A80 /* icons8-camera-33@3x.png in Resources */,
				122BF2EC22B4B42400F81546 /* icons8-help-33@3x.png in Resources */,
				122BF30422B8348D00F81546 /* icons8-download-30@3x.png in Resources */,
				12B45D1321FD1B0A00F3064F /* Main.storyboard in Resources */,
				122BF2F822B7484A00F81546 /* icons8-paste-filled-33@3x.png in Resources */,
				127919EF22E5B02E00EB8A80 /* icons8-video-call-33@3x.png in Resources */,
				122BF2E822AE600A00F81546 /* icons8-cloud-checked-filled-30@3x.png in Resources */,
				122BF2FC22B748AA00F81546 /* icons8-settings-filled-33@3x.png in Resources */,
				1259838D2211435500F41566 /* icons8-paste-33@3x.png in Resources */,
			);
			runOnlyForDeploymentPostprocessing = 0;
		};
		12B45D1C21FD1B0D00F3064F /* Resources */ = {
			isa = PBXResourcesBuildPhase;
			buildActionMask = 2147483647;
			files = (
			);
			runOnlyForDeploymentPostprocessing = 0;
		};
		12B45D2721FD1B0D00F3064F /* Resources */ = {
			isa = PBXResourcesBuildPhase;
			buildActionMask = 2147483647;
			files = (
			);
			runOnlyForDeploymentPostprocessing = 0;
		};
/* End PBXResourcesBuildPhase section */

/* Begin PBXShellScriptBuildPhase section */
		CF0FFA78FDE726BE246A96CD /* [CP] Embed Pods Frameworks */ = {
			isa = PBXShellScriptBuildPhase;
			buildActionMask = 2147483647;
			files = (
			);
			inputFileListPaths = (
			);
			inputPaths = (
				"${SRCROOT}/Pods/Target Support Files/Pods-iXForms/Pods-iXForms-frameworks.sh",
				"${BUILT_PRODUCTS_DIR}/Eureka/Eureka.framework",
				"${BUILT_PRODUCTS_DIR}/KeychainSwift/KeychainSwift.framework",
				"${BUILT_PRODUCTS_DIR}/Realm/Realm.framework",
				"${BUILT_PRODUCTS_DIR}/RealmSwift/RealmSwift.framework",
				"${BUILT_PRODUCTS_DIR}/XMLMapper/XMLMapper.framework",
			);
			name = "[CP] Embed Pods Frameworks";
			outputFileListPaths = (
			);
			outputPaths = (
				"${TARGET_BUILD_DIR}/${FRAMEWORKS_FOLDER_PATH}/Eureka.framework",
				"${TARGET_BUILD_DIR}/${FRAMEWORKS_FOLDER_PATH}/KeychainSwift.framework",
				"${TARGET_BUILD_DIR}/${FRAMEWORKS_FOLDER_PATH}/Realm.framework",
				"${TARGET_BUILD_DIR}/${FRAMEWORKS_FOLDER_PATH}/RealmSwift.framework",
				"${TARGET_BUILD_DIR}/${FRAMEWORKS_FOLDER_PATH}/XMLMapper.framework",
			);
			runOnlyForDeploymentPostprocessing = 0;
			shellPath = /bin/sh;
			shellScript = "\"${SRCROOT}/Pods/Target Support Files/Pods-iXForms/Pods-iXForms-frameworks.sh\"\n";
			showEnvVarsInLog = 0;
		};
		E048C7BF1B7744FAF212909B /* [CP] Check Pods Manifest.lock */ = {
			isa = PBXShellScriptBuildPhase;
			buildActionMask = 2147483647;
			files = (
			);
			inputFileListPaths = (
			);
			inputPaths = (
				"${PODS_PODFILE_DIR_PATH}/Podfile.lock",
				"${PODS_ROOT}/Manifest.lock",
			);
			name = "[CP] Check Pods Manifest.lock";
			outputFileListPaths = (
			);
			outputPaths = (
				"$(DERIVED_FILE_DIR)/Pods-iXFormsUITests-checkManifestLockResult.txt",
			);
			runOnlyForDeploymentPostprocessing = 0;
			shellPath = /bin/sh;
			shellScript = "diff \"${PODS_PODFILE_DIR_PATH}/Podfile.lock\" \"${PODS_ROOT}/Manifest.lock\" > /dev/null\nif [ $? != 0 ] ; then\n    # print error to STDERR\n    echo \"error: The sandbox is not in sync with the Podfile.lock. Run 'pod install' or update your CocoaPods installation.\" >&2\n    exit 1\nfi\n# This output is used by Xcode 'outputs' to avoid re-running this script phase.\necho \"SUCCESS\" > \"${SCRIPT_OUTPUT_FILE_0}\"\n";
			showEnvVarsInLog = 0;
		};
		E9C8A78CD370882346694689 /* [CP] Check Pods Manifest.lock */ = {
			isa = PBXShellScriptBuildPhase;
			buildActionMask = 2147483647;
			files = (
			);
			inputFileListPaths = (
			);
			inputPaths = (
				"${PODS_PODFILE_DIR_PATH}/Podfile.lock",
				"${PODS_ROOT}/Manifest.lock",
			);
			name = "[CP] Check Pods Manifest.lock";
			outputFileListPaths = (
			);
			outputPaths = (
				"$(DERIVED_FILE_DIR)/Pods-iXFormsTests-checkManifestLockResult.txt",
			);
			runOnlyForDeploymentPostprocessing = 0;
			shellPath = /bin/sh;
			shellScript = "diff \"${PODS_PODFILE_DIR_PATH}/Podfile.lock\" \"${PODS_ROOT}/Manifest.lock\" > /dev/null\nif [ $? != 0 ] ; then\n    # print error to STDERR\n    echo \"error: The sandbox is not in sync with the Podfile.lock. Run 'pod install' or update your CocoaPods installation.\" >&2\n    exit 1\nfi\n# This output is used by Xcode 'outputs' to avoid re-running this script phase.\necho \"SUCCESS\" > \"${SCRIPT_OUTPUT_FILE_0}\"\n";
			showEnvVarsInLog = 0;
		};
		F5EF0AA3A8B7F07948CA47C0 /* [CP] Check Pods Manifest.lock */ = {
			isa = PBXShellScriptBuildPhase;
			buildActionMask = 2147483647;
			files = (
			);
			inputFileListPaths = (
			);
			inputPaths = (
				"${PODS_PODFILE_DIR_PATH}/Podfile.lock",
				"${PODS_ROOT}/Manifest.lock",
			);
			name = "[CP] Check Pods Manifest.lock";
			outputFileListPaths = (
			);
			outputPaths = (
				"$(DERIVED_FILE_DIR)/Pods-iXForms-checkManifestLockResult.txt",
			);
			runOnlyForDeploymentPostprocessing = 0;
			shellPath = /bin/sh;
			shellScript = "diff \"${PODS_PODFILE_DIR_PATH}/Podfile.lock\" \"${PODS_ROOT}/Manifest.lock\" > /dev/null\nif [ $? != 0 ] ; then\n    # print error to STDERR\n    echo \"error: The sandbox is not in sync with the Podfile.lock. Run 'pod install' or update your CocoaPods installation.\" >&2\n    exit 1\nfi\n# This output is used by Xcode 'outputs' to avoid re-running this script phase.\necho \"SUCCESS\" > \"${SCRIPT_OUTPUT_FILE_0}\"\n";
			showEnvVarsInLog = 0;
		};
/* End PBXShellScriptBuildPhase section */

/* Begin PBXSourcesBuildPhase section */
		12B45D0421FD1B0A00F3064F /* Sources */ = {
			isa = PBXSourcesBuildPhase;
			buildActionMask = 2147483647;
			files = (
				1259838722053CE700F41566 /* GSBListTableViewController.swift in Sources */,
				12E2366322D022CF00180F3F /* GSBRESTServer.swift in Sources */,
				12B45D1021FD1B0A00F3064F /* SecondViewController.swift in Sources */,
				122BF2F422B62B7E00F81546 /* GSBFormViewController.swift in Sources */,
				12E2365822CCB1EA00180F3F /* CustomCells.swift in Sources */,
				12E2363B22BCD10100180F3F /* GSBSpinner.swift in Sources */,
				12B45D0C21FD1B0A00F3064F /* AppDelegate.swift in Sources */,
				12E2363D22BCE05C00180F3F /* UIFont+.swift in Sources */,
				12E2366122CCB6E400180F3F /* ImagePickerController.swift in Sources */,
				12E2364322BDEE5400180F3F /* GSBProjectListViewController.swift in Sources */,
				12E2364622BE136400180F3F /* GSBProjectTableViewCell.swift in Sources */,
				12E2364B22C5A7B600180F3F /* GSBXFormParser.swift in Sources */,
				12E2363F22BCE0AD00180F3F /* UIColor+.swift in Sources */,
				12E2365022C9868E00180F3F /* RealmDB.swift in Sources */,
				12E2365F22CCB6E000180F3F /* ImageRow.swift in Sources */,
				12BB609222AB2E39005220CE /* GSBServer.swift in Sources */,
				12D4517422BC5FB3007F1760 /* GSBFormListViewController.swift in Sources */,
				122417B822A33220007E3D0C /* GSBSettingsViewController.swift in Sources */,
				12E2366522D02AEB00180F3F /* GSBOpenRosaServer.swift in Sources */,
				12E2365C22CCB2E400180F3F /* FloatLabelTextField.swift in Sources */,
				125983892211312900F41566 /* GSBFormTableViewCell.swift in Sources */,
				12E2365322CC99FA00180F3F /* GSBXFormController.swift in Sources */,
			);
			runOnlyForDeploymentPostprocessing = 0;
		};
		12B45D1A21FD1B0D00F3064F /* Sources */ = {
			isa = PBXSourcesBuildPhase;
			buildActionMask = 2147483647;
			files = (
				12B45D2321FD1B0D00F3064F /* iXFormsTests.swift in Sources */,
			);
			runOnlyForDeploymentPostprocessing = 0;
		};
		12B45D2521FD1B0D00F3064F /* Sources */ = {
			isa = PBXSourcesBuildPhase;
			buildActionMask = 2147483647;
			files = (
				12B45D2E21FD1B0D00F3064F /* iXFormsUITests.swift in Sources */,
			);
			runOnlyForDeploymentPostprocessing = 0;
		};
/* End PBXSourcesBuildPhase section */

/* Begin PBXTargetDependency section */
		12B45D2021FD1B0D00F3064F /* PBXTargetDependency */ = {
			isa = PBXTargetDependency;
			target = 12B45D0721FD1B0A00F3064F /* iXForms */;
			targetProxy = 12B45D1F21FD1B0D00F3064F /* PBXContainerItemProxy */;
		};
		12B45D2B21FD1B0D00F3064F /* PBXTargetDependency */ = {
			isa = PBXTargetDependency;
			target = 12B45D0721FD1B0A00F3064F /* iXForms */;
			targetProxy = 12B45D2A21FD1B0D00F3064F /* PBXContainerItemProxy */;
		};
/* End PBXTargetDependency section */

/* Begin PBXVariantGroup section */
		12B45D1121FD1B0A00F3064F /* Main.storyboard */ = {
			isa = PBXVariantGroup;
			children = (
				12B45D1221FD1B0A00F3064F /* Base */,
			);
			name = Main.storyboard;
			sourceTree = "<group>";
		};
		12B45D1621FD1B0D00F3064F /* LaunchScreen.storyboard */ = {
			isa = PBXVariantGroup;
			children = (
				12B45D1721FD1B0D00F3064F /* Base */,
			);
			name = LaunchScreen.storyboard;
			sourceTree = "<group>";
		};
/* End PBXVariantGroup section */

/* Begin XCBuildConfiguration section */
		12B45D3021FD1B0D00F3064F /* Debug */ = {
			isa = XCBuildConfiguration;
			buildSettings = {
				ALWAYS_SEARCH_USER_PATHS = NO;
				CLANG_ANALYZER_NONNULL = YES;
				CLANG_ANALYZER_NUMBER_OBJECT_CONVERSION = YES_AGGRESSIVE;
				CLANG_CXX_LANGUAGE_STANDARD = "gnu++14";
				CLANG_CXX_LIBRARY = "libc++";
				CLANG_ENABLE_MODULES = YES;
				CLANG_ENABLE_OBJC_ARC = YES;
				CLANG_ENABLE_OBJC_WEAK = YES;
				CLANG_WARN_BLOCK_CAPTURE_AUTORELEASING = YES;
				CLANG_WARN_BOOL_CONVERSION = YES;
				CLANG_WARN_COMMA = YES;
				CLANG_WARN_CONSTANT_CONVERSION = YES;
				CLANG_WARN_DEPRECATED_OBJC_IMPLEMENTATIONS = YES;
				CLANG_WARN_DIRECT_OBJC_ISA_USAGE = YES_ERROR;
				CLANG_WARN_DOCUMENTATION_COMMENTS = YES;
				CLANG_WARN_EMPTY_BODY = YES;
				CLANG_WARN_ENUM_CONVERSION = YES;
				CLANG_WARN_INFINITE_RECURSION = YES;
				CLANG_WARN_INT_CONVERSION = YES;
				CLANG_WARN_NON_LITERAL_NULL_CONVERSION = YES;
				CLANG_WARN_OBJC_IMPLICIT_RETAIN_SELF = YES;
				CLANG_WARN_OBJC_LITERAL_CONVERSION = YES;
				CLANG_WARN_OBJC_ROOT_CLASS = YES_ERROR;
				CLANG_WARN_RANGE_LOOP_ANALYSIS = YES;
				CLANG_WARN_STRICT_PROTOTYPES = YES;
				CLANG_WARN_SUSPICIOUS_MOVE = YES;
				CLANG_WARN_UNGUARDED_AVAILABILITY = YES_AGGRESSIVE;
				CLANG_WARN_UNREACHABLE_CODE = YES;
				CLANG_WARN__DUPLICATE_METHOD_MATCH = YES;
				CODE_SIGN_IDENTITY = "iPhone Developer";
				COPY_PHASE_STRIP = NO;
				DEBUG_INFORMATION_FORMAT = dwarf;
				ENABLE_STRICT_OBJC_MSGSEND = YES;
				ENABLE_TESTABILITY = YES;
				GCC_C_LANGUAGE_STANDARD = gnu11;
				GCC_DYNAMIC_NO_PIC = NO;
				GCC_NO_COMMON_BLOCKS = YES;
				GCC_OPTIMIZATION_LEVEL = 0;
				GCC_PREPROCESSOR_DEFINITIONS = (
					"DEBUG=1",
					"$(inherited)",
				);
				GCC_WARN_64_TO_32_BIT_CONVERSION = YES;
				GCC_WARN_ABOUT_RETURN_TYPE = YES_ERROR;
				GCC_WARN_UNDECLARED_SELECTOR = YES;
				GCC_WARN_UNINITIALIZED_AUTOS = YES_AGGRESSIVE;
				GCC_WARN_UNUSED_FUNCTION = YES;
				GCC_WARN_UNUSED_VARIABLE = YES;
				IPHONEOS_DEPLOYMENT_TARGET = 12.1;
				MTL_ENABLE_DEBUG_INFO = INCLUDE_SOURCE;
				MTL_FAST_MATH = YES;
				ONLY_ACTIVE_ARCH = YES;
				SDKROOT = iphoneos;
				SWIFT_ACTIVE_COMPILATION_CONDITIONS = DEBUG;
				SWIFT_OPTIMIZATION_LEVEL = "-Onone";
			};
			name = Debug;
		};
		12B45D3121FD1B0D00F3064F /* Release */ = {
			isa = XCBuildConfiguration;
			buildSettings = {
				ALWAYS_SEARCH_USER_PATHS = NO;
				CLANG_ANALYZER_NONNULL = YES;
				CLANG_ANALYZER_NUMBER_OBJECT_CONVERSION = YES_AGGRESSIVE;
				CLANG_CXX_LANGUAGE_STANDARD = "gnu++14";
				CLANG_CXX_LIBRARY = "libc++";
				CLANG_ENABLE_MODULES = YES;
				CLANG_ENABLE_OBJC_ARC = YES;
				CLANG_ENABLE_OBJC_WEAK = YES;
				CLANG_WARN_BLOCK_CAPTURE_AUTORELEASING = YES;
				CLANG_WARN_BOOL_CONVERSION = YES;
				CLANG_WARN_COMMA = YES;
				CLANG_WARN_CONSTANT_CONVERSION = YES;
				CLANG_WARN_DEPRECATED_OBJC_IMPLEMENTATIONS = YES;
				CLANG_WARN_DIRECT_OBJC_ISA_USAGE = YES_ERROR;
				CLANG_WARN_DOCUMENTATION_COMMENTS = YES;
				CLANG_WARN_EMPTY_BODY = YES;
				CLANG_WARN_ENUM_CONVERSION = YES;
				CLANG_WARN_INFINITE_RECURSION = YES;
				CLANG_WARN_INT_CONVERSION = YES;
				CLANG_WARN_NON_LITERAL_NULL_CONVERSION = YES;
				CLANG_WARN_OBJC_IMPLICIT_RETAIN_SELF = YES;
				CLANG_WARN_OBJC_LITERAL_CONVERSION = YES;
				CLANG_WARN_OBJC_ROOT_CLASS = YES_ERROR;
				CLANG_WARN_RANGE_LOOP_ANALYSIS = YES;
				CLANG_WARN_STRICT_PROTOTYPES = YES;
				CLANG_WARN_SUSPICIOUS_MOVE = YES;
				CLANG_WARN_UNGUARDED_AVAILABILITY = YES_AGGRESSIVE;
				CLANG_WARN_UNREACHABLE_CODE = YES;
				CLANG_WARN__DUPLICATE_METHOD_MATCH = YES;
				CODE_SIGN_IDENTITY = "iPhone Developer";
				COPY_PHASE_STRIP = NO;
				DEBUG_INFORMATION_FORMAT = "dwarf-with-dsym";
				ENABLE_NS_ASSERTIONS = NO;
				ENABLE_STRICT_OBJC_MSGSEND = YES;
				GCC_C_LANGUAGE_STANDARD = gnu11;
				GCC_NO_COMMON_BLOCKS = YES;
				GCC_WARN_64_TO_32_BIT_CONVERSION = YES;
				GCC_WARN_ABOUT_RETURN_TYPE = YES_ERROR;
				GCC_WARN_UNDECLARED_SELECTOR = YES;
				GCC_WARN_UNINITIALIZED_AUTOS = YES_AGGRESSIVE;
				GCC_WARN_UNUSED_FUNCTION = YES;
				GCC_WARN_UNUSED_VARIABLE = YES;
				IPHONEOS_DEPLOYMENT_TARGET = 12.1;
				MTL_ENABLE_DEBUG_INFO = NO;
				MTL_FAST_MATH = YES;
				SDKROOT = iphoneos;
				SWIFT_COMPILATION_MODE = wholemodule;
				SWIFT_OPTIMIZATION_LEVEL = "-O";
				VALIDATE_PRODUCT = YES;
			};
			name = Release;
		};
		12B45D3321FD1B0D00F3064F /* Debug */ = {
			isa = XCBuildConfiguration;
			baseConfigurationReference = E1B5E1BC54D324C31D7EFB03 /* Pods-iXForms.debug.xcconfig */;
			buildSettings = {
				ASSETCATALOG_COMPILER_APPICON_NAME = AppIcon;
				CODE_SIGN_STYLE = Automatic;
				DEVELOPMENT_TEAM = SHZUTRJ67Y;
				INFOPLIST_FILE = iXForms/Info.plist;
				LD_RUNPATH_SEARCH_PATHS = (
					"$(inherited)",
					"@executable_path/Frameworks",
				);
				OTHER_LDFLAGS = (
					"$(inherited)",
					"-ObjC",
					"-framework",
					"\"Eureka\"",
					"-framework",
					"\"KeychainSwift\"",
					"-framework",
					"\"Realm\"",
					"-framework",
					"\"RealmSwift\"",
					"-framework",
					"\"XMLMapper\"",
					"-lxml2",
				);
				OTHER_SWIFT_FLAGS = "$(inherited) \"-D\" \"COCOAPODS\" -Xcc -I$(SDKROOT)/usr/include/libxml2";
				PRODUCT_BUNDLE_IDENTIFIER = xiphware.iXForms;
				PRODUCT_NAME = "$(TARGET_NAME)";
				SWIFT_VERSION = 4.2;
				TARGETED_DEVICE_FAMILY = "1,2";
			};
			name = Debug;
		};
		12B45D3421FD1B0D00F3064F /* Release */ = {
			isa = XCBuildConfiguration;
			baseConfigurationReference = 5252CF089560365CEE4A8A5C /* Pods-iXForms.release.xcconfig */;
			buildSettings = {
				ASSETCATALOG_COMPILER_APPICON_NAME = AppIcon;
				CODE_SIGN_STYLE = Automatic;
				DEVELOPMENT_TEAM = SHZUTRJ67Y;
				INFOPLIST_FILE = iXForms/Info.plist;
				LD_RUNPATH_SEARCH_PATHS = (
					"$(inherited)",
					"@executable_path/Frameworks",
				);
				OTHER_LDFLAGS = (
					"$(inherited)",
					"-ObjC",
					"-framework",
					"\"Eureka\"",
					"-framework",
					"\"KeychainSwift\"",
					"-framework",
					"\"Realm\"",
					"-framework",
					"\"RealmSwift\"",
					"-framework",
					"\"XMLMapper\"",
					"-lxml2",
				);
				OTHER_SWIFT_FLAGS = "$(inherited) \"-D\" \"COCOAPODS\" -Xcc -I$(SDKROOT)/usr/include/libxml2";
				PRODUCT_BUNDLE_IDENTIFIER = xiphware.iXForms;
				PRODUCT_NAME = "$(TARGET_NAME)";
				SWIFT_VERSION = 4.2;
				TARGETED_DEVICE_FAMILY = "1,2";
			};
			name = Release;
		};
		12B45D3621FD1B0D00F3064F /* Debug */ = {
			isa = XCBuildConfiguration;
			baseConfigurationReference = E76746D57929CE5108A33A4E /* Pods-iXFormsTests.debug.xcconfig */;
			buildSettings = {
				ALWAYS_EMBED_SWIFT_STANDARD_LIBRARIES = YES;
				BUNDLE_LOADER = "$(TEST_HOST)";
				CODE_SIGN_STYLE = Automatic;
				DEVELOPMENT_TEAM = SHZUTRJ67Y;
				INFOPLIST_FILE = iXFormsTests/Info.plist;
				LD_RUNPATH_SEARCH_PATHS = (
					"$(inherited)",
					"@executable_path/Frameworks",
					"@loader_path/Frameworks",
				);
				PRODUCT_BUNDLE_IDENTIFIER = xiphware.iXFormsTests;
				PRODUCT_NAME = "$(TARGET_NAME)";
				SWIFT_VERSION = 4.2;
				TARGETED_DEVICE_FAMILY = "1,2";
				TEST_HOST = "$(BUILT_PRODUCTS_DIR)/iXForms.app/iXForms";
			};
			name = Debug;
		};
		12B45D3721FD1B0D00F3064F /* Release */ = {
			isa = XCBuildConfiguration;
			baseConfigurationReference = B91494C28059F906D56BACDC /* Pods-iXFormsTests.release.xcconfig */;
			buildSettings = {
				ALWAYS_EMBED_SWIFT_STANDARD_LIBRARIES = YES;
				BUNDLE_LOADER = "$(TEST_HOST)";
				CODE_SIGN_STYLE = Automatic;
				DEVELOPMENT_TEAM = SHZUTRJ67Y;
				INFOPLIST_FILE = iXFormsTests/Info.plist;
				LD_RUNPATH_SEARCH_PATHS = (
					"$(inherited)",
					"@executable_path/Frameworks",
					"@loader_path/Frameworks",
				);
				PRODUCT_BUNDLE_IDENTIFIER = xiphware.iXFormsTests;
				PRODUCT_NAME = "$(TARGET_NAME)";
				SWIFT_VERSION = 4.2;
				TARGETED_DEVICE_FAMILY = "1,2";
				TEST_HOST = "$(BUILT_PRODUCTS_DIR)/iXForms.app/iXForms";
			};
			name = Release;
		};
		12B45D3921FD1B0D00F3064F /* Debug */ = {
			isa = XCBuildConfiguration;
			baseConfigurationReference = BB960962E93FA89B86CBAD35 /* Pods-iXFormsUITests.debug.xcconfig */;
			buildSettings = {
				ALWAYS_EMBED_SWIFT_STANDARD_LIBRARIES = YES;
				CODE_SIGN_STYLE = Automatic;
				DEVELOPMENT_TEAM = SHZUTRJ67Y;
				INFOPLIST_FILE = iXFormsUITests/Info.plist;
				LD_RUNPATH_SEARCH_PATHS = (
					"$(inherited)",
					"@executable_path/Frameworks",
					"@loader_path/Frameworks",
				);
				PRODUCT_BUNDLE_IDENTIFIER = xiphware.iXFormsUITests;
				PRODUCT_NAME = "$(TARGET_NAME)";
				SWIFT_VERSION = 4.2;
				TARGETED_DEVICE_FAMILY = "1,2";
				TEST_TARGET_NAME = iXForms;
			};
			name = Debug;
		};
		12B45D3A21FD1B0D00F3064F /* Release */ = {
			isa = XCBuildConfiguration;
			baseConfigurationReference = 2450511BE370DA6059737A55 /* Pods-iXFormsUITests.release.xcconfig */;
			buildSettings = {
				ALWAYS_EMBED_SWIFT_STANDARD_LIBRARIES = YES;
				CODE_SIGN_STYLE = Automatic;
				DEVELOPMENT_TEAM = SHZUTRJ67Y;
				INFOPLIST_FILE = iXFormsUITests/Info.plist;
				LD_RUNPATH_SEARCH_PATHS = (
					"$(inherited)",
					"@executable_path/Frameworks",
					"@loader_path/Frameworks",
				);
				PRODUCT_BUNDLE_IDENTIFIER = xiphware.iXFormsUITests;
				PRODUCT_NAME = "$(TARGET_NAME)";
				SWIFT_VERSION = 4.2;
				TARGETED_DEVICE_FAMILY = "1,2";
				TEST_TARGET_NAME = iXForms;
			};
			name = Release;
		};
/* End XCBuildConfiguration section */

/* Begin XCConfigurationList section */
		12B45D0321FD1B0A00F3064F /* Build configuration list for PBXProject "iXForms" */ = {
			isa = XCConfigurationList;
			buildConfigurations = (
				12B45D3021FD1B0D00F3064F /* Debug */,
				12B45D3121FD1B0D00F3064F /* Release */,
			);
			defaultConfigurationIsVisible = 0;
			defaultConfigurationName = Release;
		};
		12B45D3221FD1B0D00F3064F /* Build configuration list for PBXNativeTarget "iXForms" */ = {
			isa = XCConfigurationList;
			buildConfigurations = (
				12B45D3321FD1B0D00F3064F /* Debug */,
				12B45D3421FD1B0D00F3064F /* Release */,
			);
			defaultConfigurationIsVisible = 0;
			defaultConfigurationName = Release;
		};
		12B45D3521FD1B0D00F3064F /* Build configuration list for PBXNativeTarget "iXFormsTests" */ = {
			isa = XCConfigurationList;
			buildConfigurations = (
				12B45D3621FD1B0D00F3064F /* Debug */,
				12B45D3721FD1B0D00F3064F /* Release */,
			);
			defaultConfigurationIsVisible = 0;
			defaultConfigurationName = Release;
		};
		12B45D3821FD1B0D00F3064F /* Build configuration list for PBXNativeTarget "iXFormsUITests" */ = {
			isa = XCConfigurationList;
			buildConfigurations = (
				12B45D3921FD1B0D00F3064F /* Debug */,
				12B45D3A21FD1B0D00F3064F /* Release */,
			);
			defaultConfigurationIsVisible = 0;
			defaultConfigurationName = Release;
		};
/* End XCConfigurationList section */
	};
	rootObject = 12B45D0021FD1B0A00F3064F /* Project object */;
}
